hash: 55ef7dd4c17a664ed7bfae54642ee60518381ea739e13749cf5e4d0f24101a2c
updated: 2017-12-15T23:09:00.729163709+02:00
imports:
- name: github.com/bwmarrin/discordgo
  version: 2fda7ce223a66a5b70b66987c22c3c94d022ee66
- name: github.com/dustin/go-humanize
  version: bb3d318650d48840a39aa21a027c6630e198e626
- name: github.com/fsnotify/fsnotify
  version: 4da3e2cfbabc9f751898f250b49f2439785783a1
- name: github.com/gorilla/websocket
  version: cdedf21e585dae942951e34d6defc3215b4280fa
- name: github.com/hashicorp/hcl
  version: 23c074d0eceb2b8a5bfdbb271ab780cde70f05a8
  subpackages:
  - hcl/ast
  - hcl/parser
  - hcl/scanner
  - hcl/strconv
  - hcl/token
  - json/parser
  - json/scanner
  - json/token
- name: github.com/magiconair/properties
  version: 49d762b9817ba1c2e9d0c69183c2b4a8b8f1d934
- name: github.com/mattn/go-runewidth
  version: 97311d9f7767e3d6f422ea06661bc2c7a19e8a5d
- name: github.com/mitchellh/mapstructure
  version: 06020f85339e21b2478f756a78e295255ffa4d6a
- name: github.com/olekukonko/tablewriter
  version: 65fec0d89a572b4367094e2058d3ebe667de3b60
- name: github.com/pelletier/go-toml
  version: 4e9e0ee19b60b13eb79915933f44d8ed5f268bdd
- name: github.com/Sirupsen/logrus
  version: d682213848ed68c0a260ca37d6dd5ace8423f5ba
- name: github.com/spf13/afero
  version: 8d919cbe7e2627e417f3e45c3c0e489a5b7e2536
  subpackages:
  - mem
- name: github.com/spf13/cast
  version: acbeb36b902d72a7a4c18e8f3241075e7ab763e4
- name: github.com/spf13/jwalterweatherman
  version: 12bd96e66386c1960ab0f74ced1362f66f552f7b
- name: github.com/spf13/pflag
  version: e57e3eeb33f795204c1ca35f56c44f83227c6e66
- name: github.com/spf13/viper
  version: 25b30aa063fc18e48662b86996252eabdcf2f0c7
- name: github.com/yhat/scrape
  version: 24b7890b0945459dbf91743e4d2ac5d75a51fee2
- name: golang.org/x/crypto
  version: 94eea52f7b742c7cbe0b03b22f0c4c8631ece122
  subpackages:
  - nacl/secretbox
  - poly1305
  - salsa20/salsa
  - ssh/terminal
- name: golang.org/x/net
  version: d866cfc389cec985d6fda2859936a575a55a3ab6
  subpackages:
  - html
  - html/atom
- name: golang.org/x/sys
  version: d5840adf789d732bc8b00f37b26ca956a7cc8e79
  subpackages:
  - unix
  - windows
- name: golang.org/x/text
  version: d5a9226ed7dd70cade6ccae9d37517fe14dd9fee
  subpackages:
  - transform
  - unicode/norm
- name: gopkg.in/yaml.v2
  version: 287cf08546ab5e7e37d55a84f7ed3fd1db036de5
testImports: []
